PODS:
  - AppSyncRealTimeClient (1.4.1):
    - Starscream (~> 3.1.0)
  - AWSAppSync (3.1.2):
    - AppSyncRealTimeClient (~> 1.1)
    - AWSCore (~> 2.13.0)
    - ReachabilitySwift (~> 5.0.0)
    - SQLite.swift (~> 0.12.2)
  - AWSAuthCore (2.13.4):
    - AWSCore (= 2.13.4)
  - AWSCognitoIdentityProvider (2.13.4):
    - AWSCognitoIdentityProviderASF (= 1.0.1)
    - AWSCore (= 2.13.4)
  - AWSCognitoIdentityProviderASF (1.0.1)
  - AWSCore (2.13.4)
  - AWSMobileClient (2.13.4):
    - AWSAuthCore (= 2.13.4)
    - AWSCognitoIdentityProvider (= 2.13.4)
  - AWSS3 (2.13.4):
    - AWSCore (= 2.13.4)
  - ReachabilitySwift (5.0.0)
  - SQLite.swift (0.12.2):
    - SQLite.swift/standard (= 0.12.2)
  - SQLite.swift/standard (0.12.2)
  - Starscream (3.1.1)
  - SudoApiClient (1.3.0):
    - AWSAppSync (~> 3.0)
    - SudoConfigManager (~> 1.2)
    - SudoUser (~> 7.8)
  - SudoConfigManager (1.2.0):
    - SudoLogging (~> 0.2)
  - SudoKeyManager (1.0.0)
  - SudoLogging (0.2.0)
  - SudoOperations (3.1.1):
    - AWSAppSync (~> 3.0)
    - SudoLogging (~> 0.2)
  - SudoProfiles (5.5.0):
    - SudoApiClient (~> 1.3)
    - SudoLogging (~> 0.2)
    - SudoUser (~> 7.8)
  - SudoTelephony (4.0.0):
    - SudoApiClient (~> 1.3)
    - SudoOperations (~> 3.0)
    - SudoProfiles (~> 5.5)
    - SudoUser (~> 7.9)
    - TwilioVoice (~> 5.3)
  - SudoUser (7.9.0):
    - AWSAppSync (~> 3.0)
    - AWSCognitoIdentityProvider (~> 2.12)
    - AWSCore (~> 2.12)
    - AWSMobileClient (~> 2.12)
    - AWSS3 (~> 2.12)
    - SudoConfigManager (~> 1.2)
    - SudoKeyManager (~> 1.0)
    - SudoLogging (~> 0.2)
  - TwilioVoice (5.5.1)

DEPENDENCIES:
  - SudoTelephony (~> 4.0.0)
  - SudoUser (~> 7.9)

SPEC REPOS:
  trunk:
    - AppSyncRealTimeClient
    - AWSAppSync
    - AWSAuthCore
    - AWSCognitoIdentityProvider
    - AWSCognitoIdentityProviderASF
    - AWSCore
    - AWSMobileClient
    - AWSS3
    - ReachabilitySwift
    - SQLite.swift
    - Starscream
    - SudoApiClient
    - SudoConfigManager
    - SudoKeyManager
    - SudoLogging
    - SudoOperations
    - SudoProfiles
    - SudoTelephony
    - SudoUser
    - TwilioVoice

SPEC CHECKSUMS:
  AppSyncRealTimeClient: 879b9fa3ce3f335450ca06e0def279fa90af9e76
  AWSAppSync: 4b91c48712913ca4f2bb38273280190e65d59a45
  AWSAuthCore: 72b4bd064c28985ea5345c62759632d511de342a
  AWSCognitoIdentityProvider: a2d1d2857316519c018c03ac8205cf78154db5c0
  AWSCognitoIdentityProviderASF: f94f1a502e72ef3d0a1de93e10bf7a79c8698118
  AWSCore: 06beea22b6bdbfe9f5ab5015c6901e8475c746a8
  AWSMobileClient: 33ecce524fbc011d543dae8306ca29a43ecb72e5
  AWSS3: ab3965322c8e5ee069eaf9b3201c55557ad21be1
  ReachabilitySwift: 985039c6f7b23a1da463388634119492ff86c825
  SQLite.swift: d2b4642190917051ce6bd1d49aab565fe794eea3
  Starscream: 4bb2f9942274833f7b4d296a55504dcfc7edb7b0
  SudoApiClient: d403a1bdb63e258d2d8d23f7358a108239a6f05c
  SudoConfigManager: 0c0f56e23dda98d4cba5991c70d7300b73a72f2d
  SudoKeyManager: ce474fff6ab1219a9d1f8a4451c78847cf9af471
  SudoLogging: adffcc56d4a16aed321a059bc552b3f538fb2851
  SudoOperations: 7d3aa7d297e5e8af5f21126cd564b12bc289795b
  SudoProfiles: 8b21ca767fc192b0333ab762b19571ad94cce78f
  SudoTelephony: d38016a2fae69f79d08ec1fabc42371fc4a32004
  SudoUser: 7a52cf1637f3d1e24e114e42e1fc84e48fad09df
  TwilioVoice: c440f2c964d3b0eba946c30c9f1018d8e5d82af9

PODFILE CHECKSUM: 851fde72b819a51a4e95972336fe602ae9bd1a0e

COCOAPODS: 1.9.3
