PODS:
  - AppSyncRealTimeClient (1.10.0):
    - Starscream (~> 4.0.4)
  - AWSAppSync (3.6.1):
    - AppSyncRealTimeClient (~> 1.7)
    - AWSCore (~> 2.27.0)
    - ReachabilitySwift (= 5.0.0)
    - SQLite.swift (~> 0.12.2)
  - AWSAuthCore (2.27.15):
    - AWSCore (= 2.27.15)
  - AWSCognitoIdentityProvider (2.27.15):
    - AWSCognitoIdentityProviderASF (= 2.27.15)
    - AWSCore (= 2.27.15)
  - AWSCognitoIdentityProviderASF (2.27.15):
    - AWSCore (= 2.27.15)
  - AWSCore (2.27.15)
  - AWSMobileClient (2.27.15):
    - AWSAuthCore (= 2.27.15)
    - AWSCognitoIdentityProvider (= 2.27.15)
    - AWSCognitoIdentityProviderASF (= 2.27.15)
    - AWSCore (= 2.27.15)
  - AWSS3 (2.27.15):
    - AWSCore (= 2.27.15)
  - ReachabilitySwift (5.0.0)
  - SQLite.swift (0.12.2):
    - SQLite.swift/standard (= 0.12.2)
  - SQLite.swift/standard (0.12.2)
  - Starscream (4.0.4)
  - SudoAdTrackerBlocker (4.0.0):
    - AWSCore (~> 2.27)
    - AWSS3 (~> 2.27)
    - SudoConfigManager (~> 3.0)
    - SudoLogging (~> 1.0)
    - SudoUser (~> 14.0)
  - SudoConfigManager (3.0.2):
    - AWSCore (~> 2.27.15)
    - AWSS3 (~> 2.27.15)
    - SudoLogging (~> 1.0)
  - SudoKeyManager (2.0.0)
  - SudoLogging (1.0.0)
  - SudoUser (14.1.0):
    - AWSAppSync (~> 3.6.1)
    - AWSCognitoIdentityProvider (~> 2.27.15)
    - AWSCore (~> 2.27.15)
    - AWSMobileClient (~> 2.27.15)
    - AWSS3 (~> 2.27.15)
    - SudoConfigManager (~> 3.0)
    - SudoKeyManager (~> 2.0)
    - SudoLogging (~> 1.0)

DEPENDENCIES:
  - SudoAdTrackerBlocker (~> 4.0.0)

SPEC REPOS:
  trunk:
    - AppSyncRealTimeClient
    - AWSAppSync
    - AWSAuthCore
    - AWSCognitoIdentityProvider
    - AWSCognitoIdentityProviderASF
    - AWSCore
    - AWSMobileClient
    - AWSS3
    - ReachabilitySwift
    - SQLite.swift
    - Starscream
    - SudoAdTrackerBlocker
    - SudoConfigManager
    - SudoKeyManager
    - SudoLogging
    - SudoUser

SPEC CHECKSUMS:
  AppSyncRealTimeClient: 656ab4215e05f6ca47fe6d8c73f416d9984a8aac
  AWSAppSync: 4ea012b003e2342499cc5b918e8a428849eaed77
  AWSAuthCore: 0bac0e67c28d620c8f823c88bd15d552544e801a
  AWSCognitoIdentityProvider: a8d244d0cdfeff425fe20a2fb49b7e9cb89c4748
  AWSCognitoIdentityProviderASF: 5dccf24b43c287eb1949e83cefccb6c25cdc04b7
  AWSCore: c67277201b6aca10e4cf24638eadaa67c85ebf03
  AWSMobileClient: 6f60d1fb6373e21aaada443dd4d4bf087158614d
  AWSS3: 09801b290f8818f532694cabd5d503c7474eb3df
  ReachabilitySwift: 985039c6f7b23a1da463388634119492ff86c825
  SQLite.swift: d2b4642190917051ce6bd1d49aab565fe794eea3
  Starscream: 5178aed56b316f13fa3bc55694e583d35dd414d9
  SudoAdTrackerBlocker: 50ecd3b291e0d97e4bcc1cc6f5745fe12afb8579
  SudoConfigManager: aee20bc2d03e28342da663ae48378d0daae78f47
  SudoKeyManager: 64fa72acd541f65d80373c864ae5a6011e8b81b5
  SudoLogging: 93238a71338292a650804358994c67f8f3816d20
  SudoUser: d58bda9bf5f138d2ec91d7f4d590c06d5f512298

PODFILE CHECKSUM: fb589da39013d35130551aea8367d76ddbe0ace8

COCOAPODS: 1.11.3
