// !$*UTF8*$!
{
	archiveVersion = 1;
	classes = {
	};
	objectVersion = 54;
	objects = {

/* Begin PBXBuildFile section */
		2F2D58E12E77972900C7024E /* SudoDIRelay in Frameworks */ = {isa = PBXBuildFile; productRef = 2F2D58E02E77972900C7024E /* SudoDIRelay */; };
		2F8A7FEF2E73B69D00766537 /* SudoEntitlements in Frameworks */ = {isa = PBXBuildFile; productRef = 2F8A7FEE2E73B69D00766537 /* SudoEntitlements */; };
		2F8A7FF22E73B7CB00766537 /* SudoUser in Frameworks */ = {isa = PBXBuildFile; productRef = 2F8A7FF12E73B7CB00766537 /* SudoUser */; };
		2F8A7FF52E73B81300766537 /* SudoProfiles in Frameworks */ = {isa = PBXBuildFile; productRef = 2F8A7FF42E73B81300766537 /* SudoProfiles */; };
		2F8A7FF72E73BF2400766537 /* RelaySubscriber.swift in Sources */ = {isa = PBXBuildFile; fileRef = 2F8A7FF62E73BF2400766537 /* RelaySubscriber.swift */; };
		4600B3EB282B46AC00351F86 /* ExitHandling.swift in Sources */ = {isa = PBXBuildFile; fileRef = 4600B3EA282B46AC00351F86 /* ExitHandling.swift */; };
		461E2D4A26A7AD97000A887B /* Invitation.swift in Sources */ = {isa = PBXBuildFile; fileRef = 461E2D4926A7AD97000A887B /* Invitation.swift */; };
		464A509D269D22FD0062D9CA /* PostBoxIdStorage.swift in Sources */ = {isa = PBXBuildFile; fileRef = 464A509C269D22FD0062D9CA /* PostBoxIdStorage.swift */; };
		464A509E269D4E1C0062D9CA /* Main.storyboard in Resources */ = {isa = PBXBuildFile; fileRef = CFD5990E245A47BF00230C6F /* Main.storyboard */; };
		464A513D269E603A0062D9CA /* Connection.swift in Sources */ = {isa = PBXBuildFile; fileRef = 464A513C269E603A0062D9CA /* Connection.swift */; };
		4660C8B52820B79000FE3805 /* SudoListViewController.swift in Sources */ = {isa = PBXBuildFile; fileRef = 4660C8B02820B79000FE3805 /* SudoListViewController.swift */; };
		4660C8B82820B79000FE3805 /* CreateSudoViewController.swift in Sources */ = {isa = PBXBuildFile; fileRef = 4660C8B42820B79000FE3805 /* CreateSudoViewController.swift */; };
		4664EA3627A8C45600002075 /* Authenticator.swift in Sources */ = {isa = PBXBuildFile; fileRef = 4664EA3527A8C45600002075 /* Authenticator.swift */; };
		4664EA3827A8C7C400002075 /* FileReadable.swift in Sources */ = {isa = PBXBuildFile; fileRef = 4664EA3727A8C7C400002075 /* FileReadable.swift */; };
		4679EBF1282BA2FC00DF1E32 /* RegistrationMode.swift in Sources */ = {isa = PBXBuildFile; fileRef = 4679EBF0282BA2FC00DF1E32 /* RegistrationMode.swift */; };
		467BC24227B0966700956605 /* AuthenticatorMock.swift in Sources */ = {isa = PBXBuildFile; fileRef = 467BC23D27B0966700956605 /* AuthenticatorMock.swift */; };
		467BC24327B0966700956605 /* UITableViewMockSpy.swift in Sources */ = {isa = PBXBuildFile; fileRef = 467BC23E27B0966700956605 /* UITableViewMockSpy.swift */; };
		467BC24527B0966700956605 /* UITableViewCellMockSpy.swift in Sources */ = {isa = PBXBuildFile; fileRef = 467BC24027B0966700956605 /* UITableViewCellMockSpy.swift */; };
		467BC24C27B1E11100956605 /* AuthenticatorTests.swift in Sources */ = {isa = PBXBuildFile; fileRef = 467BC24B27B1E11100956605 /* AuthenticatorTests.swift */; };
		467BC24F27B1E1C100956605 /* RegisterViewControllerTests.swift in Sources */ = {isa = PBXBuildFile; fileRef = 467BC24E27B1E1C100956605 /* RegisterViewControllerTests.swift */; };
		469661B6283B5A99002C176D /* CreateSudoViewControllerTests.swift in Sources */ = {isa = PBXBuildFile; fileRef = 469661B5283B5A99002C176D /* CreateSudoViewControllerTests.swift */; };
		469661B9283BB2B7002C176D /* SudoListViewControllerTests.swift in Sources */ = {isa = PBXBuildFile; fileRef = 469661B8283BB2B7002C176D /* SudoListViewControllerTests.swift */; };
		469661BC283BBD6E002C176D /* ExitHandlingTests.swift in Sources */ = {isa = PBXBuildFile; fileRef = 469661BB283BBD6D002C176D /* ExitHandlingTests.swift */; };
		46981E1F26F1B56D00E67FF8 /* AppDelegate+IsUnitTestRunning.swift in Sources */ = {isa = PBXBuildFile; fileRef = 46981E1E26F1B56D00E67FF8 /* AppDelegate+IsUnitTestRunning.swift */; };
		46B01AAF26F1AC6600099BAF /* AppDependencies.swift in Sources */ = {isa = PBXBuildFile; fileRef = 46B01AAE26F1AC6600099BAF /* AppDependencies.swift */; };
		46F538572828968F00C361F5 /* MockSudoEntitlementsClient.swift in Sources */ = {isa = PBXBuildFile; fileRef = 46F538562828968F00C361F5 /* MockSudoEntitlementsClient.swift */; };
		46F53859282897AA00C361F5 /* MockSudoProfilesClient.swift in Sources */ = {isa = PBXBuildFile; fileRef = 46F53858282897AA00C361F5 /* MockSudoProfilesClient.swift */; };
		46F5385B282898CB00C361F5 /* MockKeyManager.swift in Sources */ = {isa = PBXBuildFile; fileRef = 46F5385A282898CB00C361F5 /* MockKeyManager.swift */; };
		46F5385D2828E50E00C361F5 /* Logger+Tests.swift in Sources */ = {isa = PBXBuildFile; fileRef = 46F5385C2828E50E00C361F5 /* Logger+Tests.swift */; };
		ADFCBF732A135F8900C1341E /* PostboxViewController.swift in Sources */ = {isa = PBXBuildFile; fileRef = ADFCBF722A135F8900C1341E /* PostboxViewController.swift */; };
		ADFCBF752A14403900C1341E /* SendMessage.swift in Sources */ = {isa = PBXBuildFile; fileRef = ADFCBF742A14403900C1341E /* SendMessage.swift */; };
		ADFCBF772A16E06700C1341E /* FileReadableMock.swift in Sources */ = {isa = PBXBuildFile; fileRef = ADFCBF762A16E06700C1341E /* FileReadableMock.swift */; };
		ADFCBF7A2A16F1EC00C1341E /* PostboxViewControllerTests.swift in Sources */ = {isa = PBXBuildFile; fileRef = ADFCBF792A16F1EC00C1341E /* PostboxViewControllerTests.swift */; };
		CF4E6EBE246244C400A672B2 /* HTTPTransports.swift in Sources */ = {isa = PBXBuildFile; fileRef = CF4E6EBD246244C400A672B2 /* HTTPTransports.swift */; };
		CF51068F2465C92700B69629 /* KeychainStorage.swift in Sources */ = {isa = PBXBuildFile; fileRef = CF51068E2465C92700B69629 /* KeychainStorage.swift */; };
		CF784DED245B9F7700185CF2 /* MessageDetailsViewController.swift in Sources */ = {isa = PBXBuildFile; fileRef = CF784DEC245B9F7700185CF2 /* MessageDetailsViewController.swift */; };
		CF9B40D2246A183B003136B4 /* Data+Base64URL.swift in Sources */ = {isa = PBXBuildFile; fileRef = CF9B40D1246A183B003136B4 /* Data+Base64URL.swift */; };
		CFD59909245A47BF00230C6F /* AppDelegate.swift in Sources */ = {isa = PBXBuildFile; fileRef = CFD59908245A47BF00230C6F /* AppDelegate.swift */; };
		CFD5990D245A47BF00230C6F /* RegistrationViewController.swift in Sources */ = {isa = PBXBuildFile; fileRef = CFD5990C245A47BF00230C6F /* RegistrationViewController.swift */; };
		CFD59912245A47C100230C6F /* Assets.xcassets in Resources */ = {isa = PBXBuildFile; fileRef = CFD59911245A47C100230C6F /* Assets.xcassets */; };
		CFD59915245A47C100230C6F /* LaunchScreen.storyboard in Resources */ = {isa = PBXBuildFile; fileRef = CFD59913245A47C100230C6F /* LaunchScreen.storyboard */; };
		CFD5991D245A4E7800230C6F /* PostboxesViewController.swift in Sources */ = {isa = PBXBuildFile; fileRef = CFD5991C245A4E7800230C6F /* PostboxesViewController.swift */; };
		CFD59921245A7C8000230C6F /* UIViewController+Extensions.swift in Sources */ = {isa = PBXBuildFile; fileRef = CFD59920245A7C8000230C6F /* UIViewController+Extensions.swift */; };
		ED00FDB226F8456500311702 /* XCTestCase+Utility.swift in Sources */ = {isa = PBXBuildFile; fileRef = ED00FDAD26F8456500311702 /* XCTestCase+Utility.swift */; };
		ED00FDB426F8456500311702 /* UIStoryboard+Convenience.swift in Sources */ = {isa = PBXBuildFile; fileRef = ED00FDAF26F8456500311702 /* UIStoryboard+Convenience.swift */; };
		ED00FDB526F8456500311702 /* XCTestCaseExpectation+Convenience.swift in Sources */ = {isa = PBXBuildFile; fileRef = ED00FDB026F8456500311702 /* XCTestCaseExpectation+Convenience.swift */; };
		ED00FDB626F8456500311702 /* XCTestCase+CustomAssertions.swift in Sources */ = {isa = PBXBuildFile; fileRef = ED00FDB126F8456500311702 /* XCTestCase+CustomAssertions.swift */; };
		ED00FDC826F8457800311702 /* SudoDIRelayClientMock.swift in Sources */ = {isa = PBXBuildFile; fileRef = ED00FDB926F8457700311702 /* SudoDIRelayClientMock.swift */; };
		ED00FDCB26F8457800311702 /* SudoDlRelayClientSpy.swift in Sources */ = {isa = PBXBuildFile; fileRef = ED00FDBD26F8457700311702 /* SudoDlRelayClientSpy.swift */; };
		ED00FDCC26F8457800311702 /* AnyError.swift in Sources */ = {isa = PBXBuildFile; fileRef = ED00FDBE26F8457700311702 /* AnyError.swift */; };
		ED00FDCD26F8457800311702 /* DataFactoryNamespace.swift in Sources */ = {isa = PBXBuildFile; fileRef = ED00FDC026F8457700311702 /* DataFactoryNamespace.swift */; };
		ED00FDCE26F8457800311702 /* DataFactory+RelaySDK.swift in Sources */ = {isa = PBXBuildFile; fileRef = ED00FDC126F8457700311702 /* DataFactory+RelaySDK.swift */; };
		ED00FDD226F8457800311702 /* DataFactory+TestData.swift in Sources */ = {isa = PBXBuildFile; fileRef = ED00FDC626F8457700311702 /* DataFactory+TestData.swift */; };
		ED00FDD326F8457800311702 /* DIRelayTestUtility.swift in Sources */ = {isa = PBXBuildFile; fileRef = ED00FDC726F8457700311702 /* DIRelayTestUtility.swift */; };
		ED00FDD726F845B700311702 /* UIViewController+ExtensionsTests.swift in Sources */ = {isa = PBXBuildFile; fileRef = ED00FDD626F845B700311702 /* UIViewController+ExtensionsTests.swift */; };
		ED00FDDB26F845D100311702 /* MessageDetailsViewControllerTests.swift in Sources */ = {isa = PBXBuildFile; fileRef = ED00FDDA26F845D100311702 /* MessageDetailsViewControllerTests.swift */; };
		ED00FDE426F845F100311702 /* PostboxesViewControllerTests.swift in Sources */ = {isa = PBXBuildFile; fileRef = ED00FDE326F845F100311702 /* PostboxesViewControllerTests.swift */; };
/* End PBXBuildFile section */

/* Begin PBXContainerItemProxy section */
		ED00FDA226F8453300311702 /* PBXContainerItemProxy */ = {
			isa = PBXContainerItemProxy;
			containerPortal = CFD598FD245A47BF00230C6F /* Project object */;
			proxyType = 1;
			remoteGlobalIDString = CFD59904245A47BF00230C6F;
			remoteInfo = DIRelayExample;
		};
/* End PBXContainerItemProxy section */

/* Begin PBXFileReference section */
		28533FCACA7B74F31081AE43 /* Pods_DIRelayExampleTests.framework */ = {isa = PBXFileReference; explicitFileType = wrapper.framework; includeInIndex = 0; path = Pods_DIRelayExampleTests.framework; sourceTree = BUILT_PRODUCTS_DIR; };
		2F8A7FF62E73BF2400766537 /* RelaySubscriber.swift */ = {isa = PBXFileReference; lastKnownFileType = sourcecode.swift; path = RelaySubscriber.swift; sourceTree = "<group>"; };
		4600B3EA282B46AC00351F86 /* ExitHandling.swift */ = {isa = PBXFileReference; lastKnownFileType = sourcecode.swift; path = ExitHandling.swift; sourceTree = "<group>"; };
		461E2D4926A7AD97000A887B /* Invitation.swift */ = {isa = PBXFileReference; lastKnownFileType = sourcecode.swift; path = Invitation.swift; sourceTree = "<group>"; };
		464A509C269D22FD0062D9CA /* PostBoxIdStorage.swift */ = {isa = PBXFileReference; lastKnownFileType = sourcecode.swift; path = PostBoxIdStorage.swift; sourceTree = "<group>"; };
		464A513C269E603A0062D9CA /* Connection.swift */ = {isa = PBXFileReference; lastKnownFileType = sourcecode.swift; path = Connection.swift; sourceTree = "<group>"; };
		4660C8B02820B79000FE3805 /* SudoListViewController.swift */ = {isa = PBXFileReference; fileEncoding = 4; lastKnownFileType = sourcecode.swift; path = SudoListViewController.swift; sourceTree = "<group>"; };
		4660C8B42820B79000FE3805 /* CreateSudoViewController.swift */ = {isa = PBXFileReference; fileEncoding = 4; lastKnownFileType = sourcecode.swift; path = CreateSudoViewController.swift; sourceTree = "<group>"; };
		4664EA3527A8C45600002075 /* Authenticator.swift */ = {isa = PBXFileReference; fileEncoding = 4; lastKnownFileType = sourcecode.swift; path = Authenticator.swift; sourceTree = "<group>"; };
		4664EA3727A8C7C400002075 /* FileReadable.swift */ = {isa = PBXFileReference; fileEncoding = 4; lastKnownFileType = sourcecode.swift; path = FileReadable.swift; sourceTree = "<group>"; };
		4679EBF0282BA2FC00DF1E32 /* RegistrationMode.swift */ = {isa = PBXFileReference; lastKnownFileType = sourcecode.swift; path = RegistrationMode.swift; sourceTree = "<group>"; };
		467BC23D27B0966700956605 /* AuthenticatorMock.swift */ = {isa = PBXFileReference; fileEncoding = 4; lastKnownFileType = sourcecode.swift; path = AuthenticatorMock.swift; sourceTree = "<group>"; };
		467BC23E27B0966700956605 /* UITableViewMockSpy.swift */ = {isa = PBXFileReference; fileEncoding = 4; lastKnownFileType = sourcecode.swift; path = UITableViewMockSpy.swift; sourceTree = "<group>"; };
		467BC24027B0966700956605 /* UITableViewCellMockSpy.swift */ = {isa = PBXFileReference; fileEncoding = 4; lastKnownFileType = sourcecode.swift; path = UITableViewCellMockSpy.swift; sourceTree = "<group>"; };
		467BC24B27B1E11100956605 /* AuthenticatorTests.swift */ = {isa = PBXFileReference; lastKnownFileType = sourcecode.swift; path = AuthenticatorTests.swift; sourceTree = "<group>"; };
		467BC24E27B1E1C100956605 /* RegisterViewControllerTests.swift */ = {isa = PBXFileReference; lastKnownFileType = sourcecode.swift; path = RegisterViewControllerTests.swift; sourceTree = "<group>"; };
		469661B5283B5A99002C176D /* CreateSudoViewControllerTests.swift */ = {isa = PBXFileReference; lastKnownFileType = sourcecode.swift; path = CreateSudoViewControllerTests.swift; sourceTree = "<group>"; };
		469661B8283BB2B7002C176D /* SudoListViewControllerTests.swift */ = {isa = PBXFileReference; lastKnownFileType = sourcecode.swift; path = SudoListViewControllerTests.swift; sourceTree = "<group>"; };
		469661BB283BBD6D002C176D /* ExitHandlingTests.swift */ = {isa = PBXFileReference; lastKnownFileType = sourcecode.swift; path = ExitHandlingTests.swift; sourceTree = "<group>"; };
		46981E1E26F1B56D00E67FF8 /* AppDelegate+IsUnitTestRunning.swift */ = {isa = PBXFileReference; lastKnownFileType = sourcecode.swift; path = "AppDelegate+IsUnitTestRunning.swift"; sourceTree = "<group>"; };
		46B01AAE26F1AC6600099BAF /* AppDependencies.swift */ = {isa = PBXFileReference; lastKnownFileType = sourcecode.swift; path = AppDependencies.swift; sourceTree = "<group>"; };
		46F538562828968F00C361F5 /* MockSudoEntitlementsClient.swift */ = {isa = PBXFileReference; lastKnownFileType = sourcecode.swift; path = MockSudoEntitlementsClient.swift; sourceTree = "<group>"; };
		46F53858282897AA00C361F5 /* MockSudoProfilesClient.swift */ = {isa = PBXFileReference; lastKnownFileType = sourcecode.swift; path = MockSudoProfilesClient.swift; sourceTree = "<group>"; };
		46F5385A282898CB00C361F5 /* MockKeyManager.swift */ = {isa = PBXFileReference; lastKnownFileType = sourcecode.swift; path = MockKeyManager.swift; sourceTree = "<group>"; };
		46F5385C2828E50E00C361F5 /* Logger+Tests.swift */ = {isa = PBXFileReference; lastKnownFileType = sourcecode.swift; path = "Logger+Tests.swift"; sourceTree = "<group>"; };
		907BB649FC6345AD10D66CB2 /* Pods_DIRelayExample.framework */ = {isa = PBXFileReference; explicitFileType = wrapper.framework; includeInIndex = 0; path = Pods_DIRelayExample.framework; sourceTree = BUILT_PRODUCTS_DIR; };
		ADFCBF722A135F8900C1341E /* PostboxViewController.swift */ = {isa = PBXFileReference; lastKnownFileType = sourcecode.swift; path = PostboxViewController.swift; sourceTree = "<group>"; };
		ADFCBF742A14403900C1341E /* SendMessage.swift */ = {isa = PBXFileReference; lastKnownFileType = sourcecode.swift; path = SendMessage.swift; sourceTree = "<group>"; };
		ADFCBF762A16E06700C1341E /* FileReadableMock.swift */ = {isa = PBXFileReference; fileEncoding = 4; lastKnownFileType = sourcecode.swift; path = FileReadableMock.swift; sourceTree = "<group>"; };
		ADFCBF792A16F1EC00C1341E /* PostboxViewControllerTests.swift */ = {isa = PBXFileReference; lastKnownFileType = sourcecode.swift; path = PostboxViewControllerTests.swift; sourceTree = "<group>"; };
		CF4E6EBD246244C400A672B2 /* HTTPTransports.swift */ = {isa = PBXFileReference; lastKnownFileType = sourcecode.swift; path = HTTPTransports.swift; sourceTree = "<group>"; };
		CF51068E2465C92700B69629 /* KeychainStorage.swift */ = {isa = PBXFileReference; lastKnownFileType = sourcecode.swift; path = KeychainStorage.swift; sourceTree = "<group>"; };
		CF784DEC245B9F7700185CF2 /* MessageDetailsViewController.swift */ = {isa = PBXFileReference; lastKnownFileType = sourcecode.swift; path = MessageDetailsViewController.swift; sourceTree = "<group>"; };
		CF9B40D1246A183B003136B4 /* Data+Base64URL.swift */ = {isa = PBXFileReference; lastKnownFileType = sourcecode.swift; path = "Data+Base64URL.swift"; sourceTree = "<group>"; };
		CFD59905245A47BF00230C6F /* DIRelayExample.app */ = {isa = PBXFileReference; explicitFileType = wrapper.application; includeInIndex = 0; path = DIRelayExample.app; sourceTree = BUILT_PRODUCTS_DIR; };
		CFD59908245A47BF00230C6F /* AppDelegate.swift */ = {isa = PBXFileReference; lastKnownFileType = sourcecode.swift; path = AppDelegate.swift; sourceTree = "<group>"; };
		CFD5990C245A47BF00230C6F /* RegistrationViewController.swift */ = {isa = PBXFileReference; lastKnownFileType = sourcecode.swift; path = RegistrationViewController.swift; sourceTree = "<group>"; };
		CFD5990F245A47BF00230C6F /* Base */ = {isa = PBXFileReference; lastKnownFileType = file.storyboard; name = Base; path = Base.lproj/Main.storyboard; sourceTree = "<group>"; };
		CFD59911245A47C100230C6F /* Assets.xcassets */ = {isa = PBXFileReference; lastKnownFileType = folder.assetcatalog; path = Assets.xcassets; sourceTree = "<group>"; };
		CFD59914245A47C100230C6F /* Base */ = {isa = PBXFileReference; lastKnownFileType = file.storyboard; name = Base; path = Base.lproj/LaunchScreen.storyboard; sourceTree = "<group>"; };
		CFD59916245A47C100230C6F /* Info.plist */ = {isa = PBXFileReference; lastKnownFileType = text.plist.xml; path = Info.plist; sourceTree = "<group>"; };
		CFD5991C245A4E7800230C6F /* PostboxesViewController.swift */ = {isa = PBXFileReference; lastKnownFileType = sourcecode.swift; path = PostboxesViewController.swift; sourceTree = "<group>"; };
		CFD59920245A7C8000230C6F /* UIViewController+Extensions.swift */ = {isa = PBXFileReference; lastKnownFileType = sourcecode.swift; path = "UIViewController+Extensions.swift"; sourceTree = "<group>"; };
		ED00FD9D26F8453300311702 /* DIRelayExampleTests.xctest */ = {isa = PBXFileReference; explicitFileType = wrapper.cfbundle; includeInIndex = 0; path = DIRelayExampleTests.xctest; sourceTree = BUILT_PRODUCTS_DIR; };
		ED00FDA926F8454000311702 /* Info.plist */ = {isa = PBXFileReference; lastKnownFileType = text.plist.xml; path = Info.plist; sourceTree = "<group>"; };
		ED00FDAD26F8456500311702 /* XCTestCase+Utility.swift */ = {isa = PBXFileReference; fileEncoding = 4; lastKnownFileType = sourcecode.swift; path = "XCTestCase+Utility.swift"; sourceTree = "<group>"; };
		ED00FDAF26F8456500311702 /* UIStoryboard+Convenience.swift */ = {isa = PBXFileReference; fileEncoding = 4; lastKnownFileType = sourcecode.swift; path = "UIStoryboard+Convenience.swift"; sourceTree = "<group>"; };
		ED00FDB026F8456500311702 /* XCTestCaseExpectation+Convenience.swift */ = {isa = PBXFileReference; fileEncoding = 4; lastKnownFileType = sourcecode.swift; path = "XCTestCaseExpectation+Convenience.swift"; sourceTree = "<group>"; };
		ED00FDB126F8456500311702 /* XCTestCase+CustomAssertions.swift */ = {isa = PBXFileReference; fileEncoding = 4; lastKnownFileType = sourcecode.swift; path = "XCTestCase+CustomAssertions.swift"; sourceTree = "<group>"; };
		ED00FDB926F8457700311702 /* SudoDIRelayClientMock.swift */ = {isa = PBXFileReference; fileEncoding = 4; lastKnownFileType = sourcecode.swift; path = SudoDIRelayClientMock.swift; sourceTree = "<group>"; };
		ED00FDBD26F8457700311702 /* SudoDlRelayClientSpy.swift */ = {isa = PBXFileReference; fileEncoding = 4; lastKnownFileType = sourcecode.swift; path = SudoDlRelayClientSpy.swift; sourceTree = "<group>"; };
		ED00FDBE26F8457700311702 /* AnyError.swift */ = {isa = PBXFileReference; fileEncoding = 4; lastKnownFileType = sourcecode.swift; path = AnyError.swift; sourceTree = "<group>"; };
		ED00FDC026F8457700311702 /* DataFactoryNamespace.swift */ = {isa = PBXFileReference; fileEncoding = 4; lastKnownFileType = sourcecode.swift; path = DataFactoryNamespace.swift; sourceTree = "<group>"; };
		ED00FDC126F8457700311702 /* DataFactory+RelaySDK.swift */ = {isa = PBXFileReference; fileEncoding = 4; lastKnownFileType = sourcecode.swift; path = "DataFactory+RelaySDK.swift"; sourceTree = "<group>"; };
		ED00FDC626F8457700311702 /* DataFactory+TestData.swift */ = {isa = PBXFileReference; fileEncoding = 4; lastKnownFileType = sourcecode.swift; path = "DataFactory+TestData.swift"; sourceTree = "<group>"; };
		ED00FDC726F8457700311702 /* DIRelayTestUtility.swift */ = {isa = PBXFileReference; fileEncoding = 4; lastKnownFileType = sourcecode.swift; path = DIRelayTestUtility.swift; sourceTree = "<group>"; };
		ED00FDD626F845B700311702 /* UIViewController+ExtensionsTests.swift */ = {isa = PBXFileReference; fileEncoding = 4; lastKnownFileType = sourcecode.swift; path = "UIViewController+ExtensionsTests.swift"; sourceTree = "<group>"; };
		ED00FDDA26F845D100311702 /* MessageDetailsViewControllerTests.swift */ = {isa = PBXFileReference; fileEncoding = 4; lastKnownFileType = sourcecode.swift; path = MessageDetailsViewControllerTests.swift; sourceTree = "<group>"; };
		ED00FDE326F845F100311702 /* PostboxesViewControllerTests.swift */ = {isa = PBXFileReference; fileEncoding = 4; lastKnownFileType = sourcecode.swift; path = PostboxesViewControllerTests.swift; sourceTree = "<group>"; };
/* End PBXFileReference section */

/* Begin PBXFrameworksBuildPhase section */
		CFD59902245A47BF00230C6F /* Frameworks */ = {
			isa = PBXFrameworksBuildPhase;
			buildActionMask = 2147483647;
			files = (
				2F2D58E12E77972900C7024E /* SudoDIRelay in Frameworks */,
				2F8A7FEF2E73B69D00766537 /* SudoEntitlements in Frameworks */,
				2F8A7FF52E73B81300766537 /* SudoProfiles in Frameworks */,
				2F8A7FF22E73B7CB00766537 /* SudoUser in Frameworks */,
			);
			runOnlyForDeploymentPostprocessing = 0;
		};
		ED00FD9A26F8453300311702 /* Frameworks */ = {
			isa = PBXFrameworksBuildPhase;
			buildActionMask = 2147483647;
			files = (
			);
			runOnlyForDeploymentPostprocessing = 0;
		};
/* End PBXFrameworksBuildPhase section */

/* Begin PBXGroup section */
		3DCE7EC395A25A2AF9F7B37C /* Frameworks */ = {
			isa = PBXGroup;
			children = (
				907BB649FC6345AD10D66CB2 /* Pods_DIRelayExample.framework */,
				28533FCACA7B74F31081AE43 /* Pods_DIRelayExampleTests.framework */,
			);
			name = Frameworks;
			sourceTree = "<group>";
		};
		4600B3E9282B469400351F86 /* Shared */ = {
			isa = PBXGroup;
			children = (
				4600B3EA282B46AC00351F86 /* ExitHandling.swift */,
			);
			path = Shared;
			sourceTree = "<group>";
		};
		461E2D4626A646D9000A887B /* Extensions */ = {
			isa = PBXGroup;
			children = (
				46981E1E26F1B56D00E67FF8 /* AppDelegate+IsUnitTestRunning.swift */,
				CF9B40D1246A183B003136B4 /* Data+Base64URL.swift */,
				CFD59920245A7C8000230C6F /* UIViewController+Extensions.swift */,
			);
			name = Extensions;
			sourceTree = "<group>";
		};
		4660C8AC2820B75B00FE3805 /* Views */ = {
			isa = PBXGroup;
			children = (
				4660C8B42820B79000FE3805 /* CreateSudoViewController.swift */,
				CF784DEC245B9F7700185CF2 /* MessageDetailsViewController.swift */,
				CFD5991C245A4E7800230C6F /* PostboxesViewController.swift */,
				ADFCBF722A135F8900C1341E /* PostboxViewController.swift */,
				CFD5990C245A47BF00230C6F /* RegistrationViewController.swift */,
				4660C8B02820B79000FE3805 /* SudoListViewController.swift */,
			);
			path = Views;
			sourceTree = "<group>";
		};
		4664EA3427A8C44B00002075 /* Utilities */ = {
			isa = PBXGroup;
			children = (
				4664EA3527A8C45600002075 /* Authenticator.swift */,
				4664EA3727A8C7C400002075 /* FileReadable.swift */,
				4679EBF0282BA2FC00DF1E32 /* RegistrationMode.swift */,
				2F8A7FF62E73BF2400766537 /* RelaySubscriber.swift */,
				ADFCBF742A14403900C1341E /* SendMessage.swift */,
			);
			name = Utilities;
			sourceTree = "<group>";
		};
		467BC24927B1DFC000956605 /* Tests */ = {
			isa = PBXGroup;
			children = (
				ED00FDD526F845B700311702 /* Extensions */,
				469661BA283BBD60002C176D /* Shared */,
				467BC24A27B1E0F800956605 /* Utilities */,
				ED00FDD826F845C800311702 /* Views */,
			);
			path = Tests;
			sourceTree = "<group>";
		};
		467BC24A27B1E0F800956605 /* Utilities */ = {
			isa = PBXGroup;
			children = (
				467BC24B27B1E11100956605 /* AuthenticatorTests.swift */,
			);
			path = Utilities;
			sourceTree = "<group>";
		};
		467BC24D27B1E19700956605 /* Registration */ = {
			isa = PBXGroup;
			children = (
				467BC24E27B1E1C100956605 /* RegisterViewControllerTests.swift */,
			);
			path = Registration;
			sourceTree = "<group>";
		};
		469661B4283B5A85002C176D /* Create Sudo */ = {
			isa = PBXGroup;
			children = (
				469661B5283B5A99002C176D /* CreateSudoViewControllerTests.swift */,
			);
			path = "Create Sudo";
			sourceTree = "<group>";
		};
		469661B7283BB29D002C176D /* Sudo List */ = {
			isa = PBXGroup;
			children = (
				469661B8283BB2B7002C176D /* SudoListViewControllerTests.swift */,
			);
			path = "Sudo List";
			sourceTree = "<group>";
		};
		469661BA283BBD60002C176D /* Shared */ = {
			isa = PBXGroup;
			children = (
				469661BB283BBD6D002C176D /* ExitHandlingTests.swift */,
			);
			path = Shared;
			sourceTree = "<group>";
		};
		ADFCBF782A16F1D400C1341E /* Postbox */ = {
			isa = PBXGroup;
			children = (
				ADFCBF792A16F1EC00C1341E /* PostboxViewControllerTests.swift */,
			);
			path = Postbox;
			sourceTree = "<group>";
		};
		CF51068D2465C90C00B69629 /* Storage */ = {
			isa = PBXGroup;
			children = (
				464A513C269E603A0062D9CA /* Connection.swift */,
				461E2D4926A7AD97000A887B /* Invitation.swift */,
				CF51068E2465C92700B69629 /* KeychainStorage.swift */,
				464A509C269D22FD0062D9CA /* PostBoxIdStorage.swift */,
			);
			name = Storage;
			sourceTree = "<group>";
		};
		CFD598FC245A47BF00230C6F = {
			isa = PBXGroup;
			children = (
				CFD59907245A47BF00230C6F /* DIRelayExample */,
				ED00FDA726F8454000311702 /* DIRelayExampleTests */,
				CFD59906245A47BF00230C6F /* Products */,
				3DCE7EC395A25A2AF9F7B37C /* Frameworks */,
			);
			sourceTree = "<group>";
		};
		CFD59906245A47BF00230C6F /* Products */ = {
			isa = PBXGroup;
			children = (
				CFD59905245A47BF00230C6F /* DIRelayExample.app */,
				ED00FD9D26F8453300311702 /* DIRelayExampleTests.xctest */,
			);
			name = Products;
			sourceTree = "<group>";
		};
		CFD59907245A47BF00230C6F /* DIRelayExample */ = {
			isa = PBXGroup;
			children = (
				461E2D4626A646D9000A887B /* Extensions */,
				4600B3E9282B469400351F86 /* Shared */,
				CF51068D2465C90C00B69629 /* Storage */,
				CFD59939245B777700230C6F /* Transports */,
				4664EA3427A8C44B00002075 /* Utilities */,
				4660C8AC2820B75B00FE3805 /* Views */,
				CFD59908245A47BF00230C6F /* AppDelegate.swift */,
				46B01AAE26F1AC6600099BAF /* AppDependencies.swift */,
				CFD59911245A47C100230C6F /* Assets.xcassets */,
				CFD59916245A47C100230C6F /* Info.plist */,
				CFD59913245A47C100230C6F /* LaunchScreen.storyboard */,
				CFD5990E245A47BF00230C6F /* Main.storyboard */,
			);
			path = DIRelayExample;
			sourceTree = "<group>";
		};
		CFD59939245B777700230C6F /* Transports */ = {
			isa = PBXGroup;
			children = (
				CF4E6EBD246244C400A672B2 /* HTTPTransports.swift */,
			);
			name = Transports;
			sourceTree = "<group>";
		};
		ED00FDA726F8454000311702 /* DIRelayExampleTests */ = {
			isa = PBXGroup;
			children = (
				ED00FDAB26F8455E00311702 /* Testing Utilities */,
				467BC24927B1DFC000956605 /* Tests */,
				ED00FDA926F8454000311702 /* Info.plist */,
			);
			path = DIRelayExampleTests;
			sourceTree = "<group>";
		};
		ED00FDAB26F8455E00311702 /* Testing Utilities */ = {
			isa = PBXGroup;
			children = (
				ED00FDAC26F8456500311702 /* Extensions */,
				ED00FDB726F8457700311702 /* Utilities */,
			);
			path = "Testing Utilities";
			sourceTree = "<group>";
		};
		ED00FDAC26F8456500311702 /* Extensions */ = {
			isa = PBXGroup;
			children = (
				46F5385C2828E50E00C361F5 /* Logger+Tests.swift */,
				ED00FDAF26F8456500311702 /* UIStoryboard+Convenience.swift */,
				ED00FDB126F8456500311702 /* XCTestCase+CustomAssertions.swift */,
				ED00FDAD26F8456500311702 /* XCTestCase+Utility.swift */,
				ED00FDB026F8456500311702 /* XCTestCaseExpectation+Convenience.swift */,
			);
			path = Extensions;
			sourceTree = "<group>";
		};
		ED00FDB726F8457700311702 /* Utilities */ = {
			isa = PBXGroup;
			children = (
				ED00FDBF26F8457700311702 /* Data */,
				ED00FDB826F8457700311702 /* Mocks */,
				ED00FDBC26F8457700311702 /* Spies */,
				ED00FDBE26F8457700311702 /* AnyError.swift */,
				ED00FDC726F8457700311702 /* DIRelayTestUtility.swift */,
			);
			path = Utilities;
			sourceTree = "<group>";
		};
		ED00FDB826F8457700311702 /* Mocks */ = {
			isa = PBXGroup;
			children = (
				467BC23D27B0966700956605 /* AuthenticatorMock.swift */,
				ADFCBF762A16E06700C1341E /* FileReadableMock.swift */,
				46F5385A282898CB00C361F5 /* MockKeyManager.swift */,
				46F538562828968F00C361F5 /* MockSudoEntitlementsClient.swift */,
				46F53858282897AA00C361F5 /* MockSudoProfilesClient.swift */,
				ED00FDB926F8457700311702 /* SudoDIRelayClientMock.swift */,
				467BC24027B0966700956605 /* UITableViewCellMockSpy.swift */,
				467BC23E27B0966700956605 /* UITableViewMockSpy.swift */,
			);
			path = Mocks;
			sourceTree = "<group>";
		};
		ED00FDBC26F8457700311702 /* Spies */ = {
			isa = PBXGroup;
			children = (
				ED00FDBD26F8457700311702 /* SudoDlRelayClientSpy.swift */,
			);
			path = Spies;
			sourceTree = "<group>";
		};
		ED00FDBF26F8457700311702 /* Data */ = {
			isa = PBXGroup;
			children = (
				ED00FDC126F8457700311702 /* DataFactory+RelaySDK.swift */,
				ED00FDC626F8457700311702 /* DataFactory+TestData.swift */,
				ED00FDC026F8457700311702 /* DataFactoryNamespace.swift */,
			);
			path = Data;
			sourceTree = "<group>";
		};
		ED00FDD526F845B700311702 /* Extensions */ = {
			isa = PBXGroup;
			children = (
				ED00FDD626F845B700311702 /* UIViewController+ExtensionsTests.swift */,
			);
			path = Extensions;
			sourceTree = "<group>";
		};
		ED00FDD826F845C800311702 /* Views */ = {
			isa = PBXGroup;
			children = (
				469661B4283B5A85002C176D /* Create Sudo */,
				ED00FDD926F845D100311702 /* Message */,
				ADFCBF782A16F1D400C1341E /* Postbox */,
				ED00FDE226F845F100311702 /* Postboxes */,
				467BC24D27B1E19700956605 /* Registration */,
				469661B7283BB29D002C176D /* Sudo List */,
			);
			path = Views;
			sourceTree = "<group>";
		};
		ED00FDD926F845D100311702 /* Message */ = {
			isa = PBXGroup;
			children = (
				ED00FDDA26F845D100311702 /* MessageDetailsViewControllerTests.swift */,
			);
			path = Message;
			sourceTree = "<group>";
		};
		ED00FDE226F845F100311702 /* Postboxes */ = {
			isa = PBXGroup;
			children = (
				ED00FDE326F845F100311702 /* PostboxesViewControllerTests.swift */,
			);
			path = Postboxes;
			sourceTree = "<group>";
		};
/* End PBXGroup section */

/* Begin PBXNativeTarget section */
		CFD59904245A47BF00230C6F /* DIRelayExample */ = {
			isa = PBXNativeTarget;
			buildConfigurationList = CFD59919245A47C100230C6F /* Build configuration list for PBXNativeTarget "DIRelayExample" */;
			buildPhases = (
				CFD59901245A47BF00230C6F /* Sources */,
				CFD59902245A47BF00230C6F /* Frameworks */,
				CFD59903245A47BF00230C6F /* Resources */,
				46A8B34026A14A9100807237 /* Copy Test Keys (Debug) */,
			);
			buildRules = (
			);
			dependencies = (
			);
			name = DIRelayExample;
			productName = DIExample;
			productReference = CFD59905245A47BF00230C6F /* DIRelayExample.app */;
			productType = "com.apple.product-type.application";
		};
		ED00FD9C26F8453300311702 /* DIRelayExampleTests */ = {
			isa = PBXNativeTarget;
			buildConfigurationList = ED00FDA426F8453300311702 /* Build configuration list for PBXNativeTarget "DIRelayExampleTests" */;
			buildPhases = (
				ED00FD9926F8453300311702 /* Sources */,
				ED00FD9A26F8453300311702 /* Frameworks */,
				ED00FD9B26F8453300311702 /* Resources */,
			);
			buildRules = (
			);
			dependencies = (
				ED00FDA326F8453300311702 /* PBXTargetDependency */,
			);
			name = DIRelayExampleTests;
			productName = DIRelayExampleTests;
			productReference = ED00FD9D26F8453300311702 /* DIRelayExampleTests.xctest */;
			productType = "com.apple.product-type.bundle.unit-test";
		};
/* End PBXNativeTarget section */

/* Begin PBXProject section */
		CFD598FD245A47BF00230C6F /* Project object */ = {
			isa = PBXProject;
			attributes = {
				LastSwiftUpdateCheck = 1250;
				LastUpgradeCheck = 1250;
				ORGANIZATIONNAME = "Sudo Platform";
				TargetAttributes = {
					CFD59904245A47BF00230C6F = {
						CreatedOnToolsVersion = 11.3.1;
					};
					ED00FD9C26F8453300311702 = {
						CreatedOnToolsVersion = 12.5.1;
						TestTargetID = CFD59904245A47BF00230C6F;
					};
				};
			};
			buildConfigurationList = CFD59900245A47BF00230C6F /* Build configuration list for PBXProject "DIRelayExample" */;
			compatibilityVersion = "Xcode 9.3";
			developmentRegion = en;
			hasScannedForEncodings = 0;
			knownRegions = (
				en,
				Base,
			);
			mainGroup = CFD598FC245A47BF00230C6F;
			packageReferences = (
				2F8A7FED2E73B69D00766537 /* XCRemoteSwiftPackageReference "sudo-entitlements-ios" */,
				2F8A7FF02E73B7CB00766537 /* XCRemoteSwiftPackageReference "sudo-user-ios" */,
				2F8A7FF32E73B81300766537 /* XCRemoteSwiftPackageReference "sudo-profiles-ios" */,
				2F2D58DF2E77972900C7024E /* XCRemoteSwiftPackageReference "sudo-di-relay-ios" */,
			);
			productRefGroup = CFD59906245A47BF00230C6F /* Products */;
			projectDirPath = "";
			projectRoot = "";
			targets = (
				CFD59904245A47BF00230C6F /* DIRelayExample */,
				ED00FD9C26F8453300311702 /* DIRelayExampleTests */,
			);
		};
/* End PBXProject section */

/* Begin PBXResourcesBuildPhase section */
		CFD59903245A47BF00230C6F /* Resources */ = {
			isa = PBXResourcesBuildPhase;
			buildActionMask = 2147483647;
			files = (
				CFD59912245A47C100230C6F /* Assets.xcassets in Resources */,
				CFD59915245A47C100230C6F /* LaunchScreen.storyboard in Resources */,
				464A509E269D4E1C0062D9CA /* Main.storyboard in Resources */,
			);
			runOnlyForDeploymentPostprocessing = 0;
		};
		ED00FD9B26F8453300311702 /* Resources */ = {
			isa = PBXResourcesBuildPhase;
			buildActionMask = 2147483647;
			files = (
			);
			runOnlyForDeploymentPostprocessing = 0;
		};
/* End PBXResourcesBuildPhase section */

/* Begin PBXShellScriptBuildPhase section */
		46A8B34026A14A9100807237 /* Copy Test Keys (Debug) */ = {
			isa = PBXShellScriptBuildPhase;
			buildActionMask = 2147483647;
			files = (
			);
			inputFileListPaths = (
			);
			inputPaths = (
			);
			name = "Copy Test Keys (Debug)";
			outputFileListPaths = (
			);
			outputPaths = (
			);
			runOnlyForDeploymentPostprocessing = 0;
			shellPath = /bin/sh;
			shellScript = "returncode=0\n\necho \"Copy test key to bundle\"\nSOURCE=${PROJECT_DIR}/config/register_key.private\ncp -f ${SOURCE} \"${TARGET_BUILD_DIR}/${UNLOCALIZED_RESOURCES_FOLDER_PATH}/\"\nif [ $? -ne 0 ]\nthen\n    echo \"error: Failed to copy test registration key. Make sure the file config/register_key.private exists in the project directory (see README.md).\"\nfi\n\necho \"Copy test key ID to bundle\"\nSOURCE=${PROJECT_DIR}/config/register_key.id \ncp -f ${SOURCE} \"${TARGET_BUILD_DIR}/${UNLOCALIZED_RESOURCES_FOLDER_PATH}/\"\nif [ $? -ne 0 ]\nthen\n    echo \"error: Failed to copy test registration key ID. Make sure the file config/register_key.id exists in the project directory (see README.md).\"\nfi\n\necho \"Copy Sudo Platform config to bundle\"\nSOURCE=${PROJECT_DIR}/config/sudoplatformconfig.json\ncp -f ${SOURCE} \"${TARGET_BUILD_DIR}/${UNLOCALIZED_RESOURCES_FOLDER_PATH}/\"\nif [ $? -ne 0 ]\nthen\n    echo \"error: Failed to copy sudoplatformconfig.json. Make sure the file config/sudoplatformconfig.json exists in the project directory (see README.md).\"\nfi\n\nexit ${returncode}\n";
		};
/* End PBXShellScriptBuildPhase section */

/* Begin PBXSourcesBuildPhase section */
		CFD59901245A47BF00230C6F /* Sources */ = {
			isa = PBXSourcesBuildPhase;
			buildActionMask = 2147483647;
			files = (
				46981E1F26F1B56D00E67FF8 /* AppDelegate+IsUnitTestRunning.swift in Sources */,
				CFD59909245A47BF00230C6F /* AppDelegate.swift in Sources */,
				46B01AAF26F1AC6600099BAF /* AppDependencies.swift in Sources */,
				4664EA3627A8C45600002075 /* Authenticator.swift in Sources */,
				464A513D269E603A0062D9CA /* Connection.swift in Sources */,
				4660C8B82820B79000FE3805 /* CreateSudoViewController.swift in Sources */,
				CF9B40D2246A183B003136B4 /* Data+Base64URL.swift in Sources */,
				4600B3EB282B46AC00351F86 /* ExitHandling.swift in Sources */,
				4664EA3827A8C7C400002075 /* FileReadable.swift in Sources */,
				CF4E6EBE246244C400A672B2 /* HTTPTransports.swift in Sources */,
				461E2D4A26A7AD97000A887B /* Invitation.swift in Sources */,
				CF51068F2465C92700B69629 /* KeychainStorage.swift in Sources */,
				CF784DED245B9F7700185CF2 /* MessageDetailsViewController.swift in Sources */,
				CFD5991D245A4E7800230C6F /* PostboxesViewController.swift in Sources */,
				464A509D269D22FD0062D9CA /* PostBoxIdStorage.swift in Sources */,
				ADFCBF732A135F8900C1341E /* PostboxViewController.swift in Sources */,
				4679EBF1282BA2FC00DF1E32 /* RegistrationMode.swift in Sources */,
				CFD5990D245A47BF00230C6F /* RegistrationViewController.swift in Sources */,
				2F8A7FF72E73BF2400766537 /* RelaySubscriber.swift in Sources */,
				ADFCBF752A14403900C1341E /* SendMessage.swift in Sources */,
				4660C8B52820B79000FE3805 /* SudoListViewController.swift in Sources */,
				CFD59921245A7C8000230C6F /* UIViewController+Extensions.swift in Sources */,
			);
			runOnlyForDeploymentPostprocessing = 0;
		};
		ED00FD9926F8453300311702 /* Sources */ = {
			isa = PBXSourcesBuildPhase;
			buildActionMask = 2147483647;
			files = (
				ED00FDCC26F8457800311702 /* AnyError.swift in Sources */,
				467BC24227B0966700956605 /* AuthenticatorMock.swift in Sources */,
				467BC24C27B1E11100956605 /* AuthenticatorTests.swift in Sources */,
				469661B6283B5A99002C176D /* CreateSudoViewControllerTests.swift in Sources */,
				ED00FDCE26F8457800311702 /* DataFactory+RelaySDK.swift in Sources */,
				ED00FDD226F8457800311702 /* DataFactory+TestData.swift in Sources */,
				ED00FDCD26F8457800311702 /* DataFactoryNamespace.swift in Sources */,
				ED00FDD326F8457800311702 /* DIRelayTestUtility.swift in Sources */,
				469661BC283BBD6E002C176D /* ExitHandlingTests.swift in Sources */,
				ADFCBF772A16E06700C1341E /* FileReadableMock.swift in Sources */,
				46F5385D2828E50E00C361F5 /* Logger+Tests.swift in Sources */,
				ED00FDDB26F845D100311702 /* MessageDetailsViewControllerTests.swift in Sources */,
				46F5385B282898CB00C361F5 /* MockKeyManager.swift in Sources */,
				46F538572828968F00C361F5 /* MockSudoEntitlementsClient.swift in Sources */,
				46F53859282897AA00C361F5 /* MockSudoProfilesClient.swift in Sources */,
				ED00FDE426F845F100311702 /* PostboxesViewControllerTests.swift in Sources */,
				ADFCBF7A2A16F1EC00C1341E /* PostboxViewControllerTests.swift in Sources */,
				467BC24F27B1E1C100956605 /* RegisterViewControllerTests.swift in Sources */,
				ED00FDC826F8457800311702 /* SudoDIRelayClientMock.swift in Sources */,
				ED00FDCB26F8457800311702 /* SudoDlRelayClientSpy.swift in Sources */,
				469661B9283BB2B7002C176D /* SudoListViewControllerTests.swift in Sources */,
				ED00FDB426F8456500311702 /* UIStoryboard+Convenience.swift in Sources */,
				467BC24527B0966700956605 /* UITableViewCellMockSpy.swift in Sources */,
				467BC24327B0966700956605 /* UITableViewMockSpy.swift in Sources */,
				ED00FDD726F845B700311702 /* UIViewController+ExtensionsTests.swift in Sources */,
				ED00FDB626F8456500311702 /* XCTestCase+CustomAssertions.swift in Sources */,
				ED00FDB226F8456500311702 /* XCTestCase+Utility.swift in Sources */,
				ED00FDB526F8456500311702 /* XCTestCaseExpectation+Convenience.swift in Sources */,
			);
			runOnlyForDeploymentPostprocessing = 0;
		};
/* End PBXSourcesBuildPhase section */

/* Begin PBXTargetDependency section */
		ED00FDA326F8453300311702 /* PBXTargetDependency */ = {
			isa = PBXTargetDependency;
			target = CFD59904245A47BF00230C6F /* DIRelayExample */;
			targetProxy = ED00FDA226F8453300311702 /* PBXContainerItemProxy */;
		};
/* End PBXTargetDependency section */

/* Begin PBXVariantGroup section */
		CFD5990E245A47BF00230C6F /* Main.storyboard */ = {
			isa = PBXVariantGroup;
			children = (
				CFD5990F245A47BF00230C6F /* Base */,
			);
			name = Main.storyboard;
			sourceTree = "<group>";
		};
		CFD59913245A47C100230C6F /* LaunchScreen.storyboard */ = {
			isa = PBXVariantGroup;
			children = (
				CFD59914245A47C100230C6F /* Base */,
			);
			name = LaunchScreen.storyboard;
			sourceTree = "<group>";
		};
/* End PBXVariantGroup section */

/* Begin XCBuildConfiguration section */
		CFD59917245A47C100230C6F /* Debug */ = {
			isa = XCBuildConfiguration;
			buildSettings = {
				ALWAYS_SEARCH_USER_PATHS = NO;
				CLANG_ANALYZER_NONNULL = YES;
				CLANG_ANALYZER_NUMBER_OBJECT_CONVERSION = YES_AGGRESSIVE;
				CLANG_CXX_LANGUAGE_STANDARD = "gnu++14";
				CLANG_CXX_LIBRARY = "libc++";
				CLANG_ENABLE_MODULES = YES;
				CLANG_ENABLE_OBJC_ARC = YES;
				CLANG_ENABLE_OBJC_WEAK = YES;
				CLANG_WARN_BLOCK_CAPTURE_AUTORELEASING = YES;
				CLANG_WARN_BOOL_CONVERSION = YES;
				CLANG_WARN_COMMA = YES;
				CLANG_WARN_CONSTANT_CONVERSION = YES;
				CLANG_WARN_DEPRECATED_OBJC_IMPLEMENTATIONS = YES;
				CLANG_WARN_DIRECT_OBJC_ISA_USAGE = YES_ERROR;
				CLANG_WARN_DOCUMENTATION_COMMENTS = YES;
				CLANG_WARN_EMPTY_BODY = YES;
				CLANG_WARN_ENUM_CONVERSION = YES;
				CLANG_WARN_INFINITE_RECURSION = YES;
				CLANG_WARN_INT_CONVERSION = YES;
				CLANG_WARN_NON_LITERAL_NULL_CONVERSION = YES;
				CLANG_WARN_OBJC_IMPLICIT_RETAIN_SELF = YES;
				CLANG_WARN_OBJC_LITERAL_CONVERSION = YES;
				CLANG_WARN_OBJC_ROOT_CLASS = YES_ERROR;
				CLANG_WARN_QUOTED_INCLUDE_IN_FRAMEWORK_HEADER = YES;
				CLANG_WARN_RANGE_LOOP_ANALYSIS = YES;
				CLANG_WARN_STRICT_PROTOTYPES = YES;
				CLANG_WARN_SUSPICIOUS_MOVE = YES;
				CLANG_WARN_UNGUARDED_AVAILABILITY = YES_AGGRESSIVE;
				CLANG_WARN_UNREACHABLE_CODE = YES;
				CLANG_WARN__DUPLICATE_METHOD_MATCH = YES;
				COPY_PHASE_STRIP = NO;
				DEBUG_INFORMATION_FORMAT = dwarf;
				ENABLE_STRICT_OBJC_MSGSEND = YES;
				ENABLE_TESTABILITY = YES;
				GCC_C_LANGUAGE_STANDARD = gnu11;
				GCC_DYNAMIC_NO_PIC = NO;
				GCC_NO_COMMON_BLOCKS = YES;
				GCC_OPTIMIZATION_LEVEL = 0;
				GCC_PREPROCESSOR_DEFINITIONS = (
					"DEBUG=1",
					"$(inherited)",
				);
				GCC_WARN_64_TO_32_BIT_CONVERSION = YES;
				GCC_WARN_ABOUT_RETURN_TYPE = YES_ERROR;
				GCC_WARN_UNDECLARED_SELECTOR = YES;
				GCC_WARN_UNINITIALIZED_AUTOS = YES_AGGRESSIVE;
				GCC_WARN_UNUSED_FUNCTION = YES;
				GCC_WARN_UNUSED_VARIABLE = YES;
				IPHONEOS_DEPLOYMENT_TARGET = 14.0;
				MTL_ENABLE_DEBUG_INFO = INCLUDE_SOURCE;
				MTL_FAST_MATH = YES;
				ONLY_ACTIVE_ARCH = YES;
				SDKROOT = iphoneos;
				SWIFT_ACTIVE_COMPILATION_CONDITIONS = DEBUG;
				SWIFT_OPTIMIZATION_LEVEL = "-Onone";
			};
			name = Debug;
		};
		CFD59918245A47C100230C6F /* Release */ = {
			isa = XCBuildConfiguration;
			buildSettings = {
				ALWAYS_SEARCH_USER_PATHS = NO;
				CLANG_ANALYZER_NONNULL = YES;
				CLANG_ANALYZER_NUMBER_OBJECT_CONVERSION = YES_AGGRESSIVE;
				CLANG_CXX_LANGUAGE_STANDARD = "gnu++14";
				CLANG_CXX_LIBRARY = "libc++";
				CLANG_ENABLE_MODULES = YES;
				CLANG_ENABLE_OBJC_ARC = YES;
				CLANG_ENABLE_OBJC_WEAK = YES;
				CLANG_WARN_BLOCK_CAPTURE_AUTORELEASING = YES;
				CLANG_WARN_BOOL_CONVERSION = YES;
				CLANG_WARN_COMMA = YES;
				CLANG_WARN_CONSTANT_CONVERSION = YES;
				CLANG_WARN_DEPRECATED_OBJC_IMPLEMENTATIONS = YES;
				CLANG_WARN_DIRECT_OBJC_ISA_USAGE = YES_ERROR;
				CLANG_WARN_DOCUMENTATION_COMMENTS = YES;
				CLANG_WARN_EMPTY_BODY = YES;
				CLANG_WARN_ENUM_CONVERSION = YES;
				CLANG_WARN_INFINITE_RECURSION = YES;
				CLANG_WARN_INT_CONVERSION = YES;
				CLANG_WARN_NON_LITERAL_NULL_CONVERSION = YES;
				CLANG_WARN_OBJC_IMPLICIT_RETAIN_SELF = YES;
				CLANG_WARN_OBJC_LITERAL_CONVERSION = YES;
				CLANG_WARN_OBJC_ROOT_CLASS = YES_ERROR;
				CLANG_WARN_QUOTED_INCLUDE_IN_FRAMEWORK_HEADER = YES;
				CLANG_WARN_RANGE_LOOP_ANALYSIS = YES;
				CLANG_WARN_STRICT_PROTOTYPES = YES;
				CLANG_WARN_SUSPICIOUS_MOVE = YES;
				CLANG_WARN_UNGUARDED_AVAILABILITY = YES_AGGRESSIVE;
				CLANG_WARN_UNREACHABLE_CODE = YES;
				CLANG_WARN__DUPLICATE_METHOD_MATCH = YES;
				COPY_PHASE_STRIP = NO;
				DEBUG_INFORMATION_FORMAT = "dwarf-with-dsym";
				ENABLE_NS_ASSERTIONS = NO;
				ENABLE_STRICT_OBJC_MSGSEND = YES;
				GCC_C_LANGUAGE_STANDARD = gnu11;
				GCC_NO_COMMON_BLOCKS = YES;
				GCC_WARN_64_TO_32_BIT_CONVERSION = YES;
				GCC_WARN_ABOUT_RETURN_TYPE = YES_ERROR;
				GCC_WARN_UNDECLARED_SELECTOR = YES;
				GCC_WARN_UNINITIALIZED_AUTOS = YES_AGGRESSIVE;
				GCC_WARN_UNUSED_FUNCTION = YES;
				GCC_WARN_UNUSED_VARIABLE = YES;
				IPHONEOS_DEPLOYMENT_TARGET = 14.0;
				MTL_ENABLE_DEBUG_INFO = NO;
				MTL_FAST_MATH = YES;
				SDKROOT = iphoneos;
				SWIFT_COMPILATION_MODE = wholemodule;
				SWIFT_OPTIMIZATION_LEVEL = "-O";
				VALIDATE_PRODUCT = YES;
			};
			name = Release;
		};
		CFD5991A245A47C100230C6F /* Debug */ = {
			isa = XCBuildConfiguration;
			buildSettings = {
				ASSETCATALOG_COMPILER_APPICON_NAME = AppIcon;
				CODE_SIGN_IDENTITY = "Apple Development";
				CODE_SIGN_STYLE = Automatic;
				DEVELOPMENT_TEAM = UU2W43R8JA;
				ENABLE_BITCODE = NO;
				INFOPLIST_FILE = DIRelayExample/Info.plist;
				IPHONEOS_DEPLOYMENT_TARGET = 15.0;
				LD_RUNPATH_SEARCH_PATHS = (
					"$(inherited)",
					"@executable_path/Frameworks",
				);
				PRODUCT_BUNDLE_IDENTIFIER = com.sudoplatform.DIRelayApp;
				PRODUCT_NAME = "$(TARGET_NAME)";
				SWIFT_VERSION = 5.0;
				TARGETED_DEVICE_FAMILY = "1,2";
			};
			name = Debug;
		};
		CFD5991B245A47C100230C6F /* Release */ = {
			isa = XCBuildConfiguration;
			buildSettings = {
				ASSETCATALOG_COMPILER_APPICON_NAME = AppIcon;
				CODE_SIGN_IDENTITY = "Apple Development";
				CODE_SIGN_STYLE = Automatic;
				DEVELOPMENT_TEAM = UU2W43R8JA;
				ENABLE_BITCODE = NO;
				INFOPLIST_FILE = DIRelayExample/Info.plist;
				IPHONEOS_DEPLOYMENT_TARGET = 15.0;
				LD_RUNPATH_SEARCH_PATHS = (
					"$(inherited)",
					"@executable_path/Frameworks",
				);
				PRODUCT_BUNDLE_IDENTIFIER = com.sudoplatform.DIRelayApp;
				PRODUCT_NAME = "$(TARGET_NAME)";
				SWIFT_VERSION = 5.0;
				TARGETED_DEVICE_FAMILY = "1,2";
			};
			name = Release;
		};
		ED00FDA526F8453300311702 /* Debug */ = {
			isa = XCBuildConfiguration;
			buildSettings = {
				BUNDLE_LOADER = "$(TEST_HOST)";
				CODE_SIGN_STYLE = Automatic;
				DEVELOPMENT_TEAM = UU2W43R8JA;
				INFOPLIST_FILE = DIRelayExampleTests/Info.plist;
				IPHONEOS_DEPLOYMENT_TARGET = 15.0;
				LD_RUNPATH_SEARCH_PATHS = (
					"$(inherited)",
					"@executable_path/Frameworks",
					"@loader_path/Frameworks",
				);
				PRODUCT_BUNDLE_IDENTIFIER = com.anonyome.DIRelayExampleTests;
				PRODUCT_NAME = "$(TARGET_NAME)";
				SWIFT_VERSION = 5.0;
				TARGETED_DEVICE_FAMILY = "1,2";
				TEST_HOST = "$(BUILT_PRODUCTS_DIR)/DIRelayExample.app/DIRelayExample";
			};
			name = Debug;
		};
		ED00FDA626F8453300311702 /* Release */ = {
			isa = XCBuildConfiguration;
			buildSettings = {
				BUNDLE_LOADER = "$(TEST_HOST)";
				CODE_SIGN_STYLE = Automatic;
				DEVELOPMENT_TEAM = UU2W43R8JA;
				INFOPLIST_FILE = DIRelayExampleTests/Info.plist;
				IPHONEOS_DEPLOYMENT_TARGET = 15.0;
				LD_RUNPATH_SEARCH_PATHS = (
					"$(inherited)",
					"@executable_path/Frameworks",
					"@loader_path/Frameworks",
				);
				PRODUCT_BUNDLE_IDENTIFIER = com.anonyome.DIRelayExampleTests;
				PRODUCT_NAME = "$(TARGET_NAME)";
				SWIFT_VERSION = 5.0;
				TARGETED_DEVICE_FAMILY = "1,2";
				TEST_HOST = "$(BUILT_PRODUCTS_DIR)/DIRelayExample.app/DIRelayExample";
			};
			name = Release;
		};
/* End XCBuildConfiguration section */

/* Begin XCConfigurationList section */
		CFD59900245A47BF00230C6F /* Build configuration list for PBXProject "DIRelayExample" */ = {
			isa = XCConfigurationList;
			buildConfigurations = (
				CFD59917245A47C100230C6F /* Debug */,
				CFD59918245A47C100230C6F /* Release */,
			);
			defaultConfigurationIsVisible = 0;
			defaultConfigurationName = Release;
		};
		CFD59919245A47C100230C6F /* Build configuration list for PBXNativeTarget "DIRelayExample" */ = {
			isa = XCConfigurationList;
			buildConfigurations = (
				CFD5991A245A47C100230C6F /* Debug */,
				CFD5991B245A47C100230C6F /* Release */,
			);
			defaultConfigurationIsVisible = 0;
			defaultConfigurationName = Release;
		};
		ED00FDA426F8453300311702 /* Build configuration list for PBXNativeTarget "DIRelayExampleTests" */ = {
			isa = XCConfigurationList;
			buildConfigurations = (
				ED00FDA526F8453300311702 /* Debug */,
				ED00FDA626F8453300311702 /* Release */,
			);
			defaultConfigurationIsVisible = 0;
			defaultConfigurationName = Release;
		};
/* End XCConfigurationList section */

/* Begin XCRemoteSwiftPackageReference section */
		2F2D58DF2E77972900C7024E /* XCRemoteSwiftPackageReference "sudo-di-relay-ios" */ = {
			isa = XCRemoteSwiftPackageReference;
			repositoryURL = "https://github.com/sudoplatform/sudo-di-relay-ios.git";
			requirement = {
				kind = upToNextMajorVersion;
				minimumVersion = 5.0.0;
			};
		};
		2F8A7FED2E73B69D00766537 /* XCRemoteSwiftPackageReference "sudo-entitlements-ios" */ = {
			isa = XCRemoteSwiftPackageReference;
			repositoryURL = "https://github.com/sudoplatform/sudo-entitlements-ios.git";
			requirement = {
				kind = upToNextMajorVersion;
				minimumVersion = 13.0.0;
			};
		};
		2F8A7FF02E73B7CB00766537 /* XCRemoteSwiftPackageReference "sudo-user-ios" */ = {
			isa = XCRemoteSwiftPackageReference;
			repositoryURL = "https://github.com/sudoplatform/sudo-user-ios.git";
			requirement = {
				kind = upToNextMajorVersion;
				minimumVersion = 18.0.0;
			};
		};
		2F8A7FF32E73B81300766537 /* XCRemoteSwiftPackageReference "sudo-profiles-ios" */ = {
			isa = XCRemoteSwiftPackageReference;
			repositoryURL = "https://github.com/sudoplatform/sudo-profiles-ios.git";
			requirement = {
				kind = upToNextMajorVersion;
				minimumVersion = 20.0.0;
			};
		};
/* End XCRemoteSwiftPackageReference section */

/* Begin XCSwiftPackageProductDependency section */
		2F2D58E02E77972900C7024E /* SudoDIRelay */ = {
			isa = XCSwiftPackageProductDependency;
			package = 2F2D58DF2E77972900C7024E /* XCRemoteSwiftPackageReference "sudo-di-relay-ios" */;
			productName = SudoDIRelay;
		};
		2F8A7FEE2E73B69D00766537 /* SudoEntitlements */ = {
			isa = XCSwiftPackageProductDependency;
			package = 2F8A7FED2E73B69D00766537 /* XCRemoteSwiftPackageReference "sudo-entitlements-ios" */;
			productName = SudoEntitlements;
		};
		2F8A7FF12E73B7CB00766537 /* SudoUser */ = {
			isa = XCSwiftPackageProductDependency;
			package = 2F8A7FF02E73B7CB00766537 /* XCRemoteSwiftPackageReference "sudo-user-ios" */;
			productName = SudoUser;
		};
		2F8A7FF42E73B81300766537 /* SudoProfiles */ = {
			isa = XCSwiftPackageProductDependency;
			package = 2F8A7FF32E73B81300766537 /* XCRemoteSwiftPackageReference "sudo-profiles-ios" */;
			productName = SudoProfiles;
		};
/* End XCSwiftPackageProductDependency section */
	};
	rootObject = CFD598FD245A47BF00230C6F /* Project object */;
}
